Microsoft Visual Studio Solution File, Format Version 12.00
# Visual Studio Version 17
VisualStudioVersion = 17.5.2.0
MinimumVisualStudioVersion = 10.0.40219.1
Project("{FAE04EC0-301F-11D3-BF4B-00C04F79EFBC}") = "quizQaKeTelegramBot", "quizQaKeTelegramBot.csproj", "{31ADA497-9690-5C32-FCEC-FACF8396DE2C}"
EndProject
Global
	GlobalSection(SolutionConfigurationPlatforms) = preSolution
		Debug|Any CPU = Debug|Any CPU
		Release|Any CPU = Release|Any CPU
	EndGlobalSection
	GlobalSection(ProjectConfigurationPlatforms) = postSolution
		{31ADA497-9690-5C32-FCEC-FACF8396DE2C}.Debug|Any CPU.ActiveCfg = Debug|Any CPU
		{31ADA497-9690-5C32-FCEC-FACF8396DE2C}.Debug|Any CPU.Build.0 = Debug|Any CPU
		{31ADA497-9690-5C32-FCEC-FACF8396DE2C}.Release|Any CPU.ActiveCfg = Release|Any CPU
		{31ADA497-9690-5C32-FCEC-FACF8396DE2C}.Release|Any CPU.Build.0 = Release|Any CPU
	EndGlobalSection
	GlobalSection(SolutionProperties) = preSolution
		HideSolutionNode = FALSE
	EndGlobalSection
	GlobalSection(ExtensibilityGlobals) = postSolution
		SolutionGuid = {8DAF7475-645F-4CF2-A8B5-628BBEAB2431}
	EndGlobalSection
EndGlobal
